Microsoft Visual Studio Solution File, Format Version 12.00
# Visual Studio Version 17
VisualStudioVersion = 17.5.2.0
MinimumVisualStudioVersion = 10.0.40219.1
Project("{FAE04EC0-301F-11D3-BF4B-00C04F79EFBC}") = "Vasilyev", "Vasilyev.csproj", "{35EF1564-00C7-5864-3668-4D6248077329}"
EndProject
Global
	GlobalSection(SolutionConfigurationPlatforms) = preSolution
		Debug|Any CPU = Debug|Any CPU
		Release|Any CPU = Release|Any CPU
	EndGlobalSection
	GlobalSection(ProjectConfigurationPlatforms) = postSolution
		{35EF1564-00C7-5864-3668-4D6248077329}.Debug|Any CPU.ActiveCfg = Debug|Any CPU
		{35EF1564-00C7-5864-3668-4D6248077329}.Debug|Any CPU.Build.0 = Debug|Any CPU
		{35EF1564-00C7-5864-3668-4D6248077329}.Release|Any CPU.ActiveCfg = Release|Any CPU
		{35EF1564-00C7-5864-3668-4D6248077329}.Release|Any CPU.Build.0 = Release|Any CPU
	EndGlobalSection
	GlobalSection(SolutionProperties) = preSolution
		HideSolutionNode = FALSE
	EndGlobalSection
	GlobalSection(ExtensibilityGlobals) = postSolution
		SolutionGuid = {2917E90D-DA96-46D2-9FFC-EADC8DD00ADA}
	EndGlobalSection
EndGlobal
